
Microsoft Visual Studio Solution File, Format Version 12.00
# Visual Studio Version 17
VisualStudioVersion = 17.13.35818.85 d17.13
MinimumVisualStudioVersion = 10.0.40219.1
Project("{FAE04EC0-301F-11D3-BF4B-00C04F79EFBC}") = "AccountPractice", "PasswordChecker\AccountPractice.csproj", "{628A89EC-46CC-47DC-BF9A-C4CD02EBF35E}"
EndProject
Global
	GlobalSection(SolutionConfigurationPlatforms) = preSolution
		Debug|Any CPU = Debug|Any CPU
		Release|Any CPU = Release|Any CPU
	EndGlobalSection
	GlobalSection(ProjectConfigurationPlatforms) = postSolution
		{628A89EC-46CC-47DC-BF9A-C4CD02EBF35E}.Debug|Any CPU.ActiveCfg = Debug|Any CPU
		{628A89EC-46CC-47DC-BF9A-C4CD02EBF35E}.Debug|Any CPU.Build.0 = Debug|Any CPU
		{628A89EC-46CC-47DC-BF9A-C4CD02EBF35E}.Release|Any CPU.ActiveCfg = Release|Any CPU
		{628A89EC-46CC-47DC-BF9A-C4CD02EBF35E}.Release|Any CPU.Build.0 = Release|Any CPU
	EndGlobalSection
	GlobalSection(SolutionProperties) = preSolution
		HideSolutionNode = FALSE
	EndGlobalSection
	GlobalSection(ExtensibilityGlobals) = postSolution
		SolutionGuid = {1FCFFA4E-1CC9-406D-9BB2-8BEED2852043}
	EndGlobalSection
EndGlobal
